
Microsoft Visual Studio Solution File, Format Version 12.00
# Visual Studio Version 17
VisualStudioVersion = 17.0.31903.59
MinimumVisualStudioVersion = 10.0.40219.1
Project("{2150E333-8FDC-42A3-9474-1A3956D46DE8}") = "src", "src", "{827E0CD3-B72D-47B6-A68D-7590B98EB39B}"
EndProject
Project("{FAE04EC0-301F-11D3-BF4B-00C04F79EFBC}") = "OneAccess.Domain", "src\OneAccess.Domain\OneAccess.Domain.csproj", "{3CCB9853-1FB1-48CE-A085-D445E01E66C8}"
EndProject
Project("{FAE04EC0-301F-11D3-BF4B-00C04F79EFBC}") = "OneAccess.Application", "src\OneAccess.Application\OneAccess.Application.csproj", "{ADA9B204-13D2-49B6-86A8-805C854215C3}"
EndProject
Project("{FAE04EC0-301F-11D3-BF4B-00C04F79EFBC}") = "OneAccess.Infrastructure", "src\OneAccess.Infrastructure\OneAccess.Infrastructure.csproj", "{ACBE56DD-3CA5-4370-9E92-84FE3FB192F8}"
EndProject
Project("{FAE04EC0-301F-11D3-BF4B-00C04F79EFBC}") = "OneAccess.API", "src\OneAccess.API\OneAccess.API.csproj", "{8012BBAC-8893-4B15-A9DB-75FECD70CE42}"
EndProject
Project("{2150E333-8FDC-42A3-9474-1A3956D46DE8}") = "tests", "tests", "{0AB3BF05-4346-4AA6-1389-037BE0695223}"
EndProject
Project("{FAE04EC0-301F-11D3-BF4B-00C04F79EFBC}") = "OneAccess.Domain.UnitTests", "tests\OneAccess.Domain.UnitTests\OneAccess.Domain.UnitTests.csproj", "{3D68B40B-D255-439B-93D9-8347E2C7E47F}"
EndProject
Project("{FAE04EC0-301F-11D3-BF4B-00C04F79EFBC}") = "OneAccess.Application.UnitTests", "tests\OneAccess.Application.UnitTests\OneAccess.Application.UnitTests.csproj", "{559B9759-4FB9-4906-A33F-9C41CCD879AE}"
EndProject
Project("{FAE04EC0-301F-11D3-BF4B-00C04F79EFBC}") = "OneAccess.API.IntegrationTests", "tests\OneAccess.API.IntegrationTests\OneAccess.API.IntegrationTests.csproj", "{6C41E6D3-1DBD-4572-AFC1-6C3A3838117B}"
EndProject
Global
	GlobalSection(SolutionConfigurationPlatforms) = preSolution
		Debug|Any CPU = Debug|Any CPU
		Debug|x64 = Debug|x64
		Debug|x86 = Debug|x86
		Release|Any CPU = Release|Any CPU
		Release|x64 = Release|x64
		Release|x86 = Release|x86
	EndGlobalSection
	GlobalSection(ProjectConfigurationPlatforms) = postSolution
		{3CCB9853-1FB1-48CE-A085-D445E01E66C8}.Debug|Any CPU.ActiveCfg = Debug|Any CPU
		{3CCB9853-1FB1-48CE-A085-D445E01E66C8}.Debug|Any CPU.Build.0 = Debug|Any CPU
		{3CCB9853-1FB1-48CE-A085-D445E01E66C8}.Debug|x64.ActiveCfg = Debug|Any CPU
		{3CCB9853-1FB1-48CE-A085-D445E01E66C8}.Debug|x64.Build.0 = Debug|Any CPU
		{3CCB9853-1FB1-48CE-A085-D445E01E66C8}.Debug|x86.ActiveCfg = Debug|Any CPU
		{3CCB9853-1FB1-48CE-A085-D445E01E66C8}.Debug|x86.Build.0 = Debug|Any CPU
		{3CCB9853-1FB1-48CE-A085-D445E01E66C8}.Release|Any CPU.ActiveCfg = Release|Any CPU
		{3CCB9853-1FB1-48CE-A085-D445E01E66C8}.Release|Any CPU.Build.0 = Release|Any CPU
		{3CCB9853-1FB1-48CE-A085-D445E01E66C8}.Release|x64.ActiveCfg = Release|Any CPU
		{3CCB9853-1FB1-48CE-A085-D445E01E66C8}.Release|x64.Build.0 = Release|Any CPU
		{3CCB9853-1FB1-48CE-A085-D445E01E66C8}.Release|x86.ActiveCfg = Release|Any CPU
		{3CCB9853-1FB1-48CE-A085-D445E01E66C8}.Release|x86.Build.0 = Release|Any CPU
		{ADA9B204-13D2-49B6-86A8-805C854215C3}.Debug|Any CPU.ActiveCfg = Debug|Any CPU
		{ADA9B204-13D2-49B6-86A8-805C854215C3}.Debug|Any CPU.Build.0 = Debug|Any CPU
		{ADA9B204-13D2-49B6-86A8-805C854215C3}.Debug|x64.ActiveCfg = Debug|Any CPU
		{ADA9B204-13D2-49B6-86A8-805C854215C3}.Debug|x64.Build.0 = Debug|Any CPU
		{ADA9B204-13D2-49B6-86A8-805C854215C3}.Debug|x86.ActiveCfg = Debug|Any CPU
		{ADA9B204-13D2-49B6-86A8-805C854215C3}.Debug|x86.Build.0 = Debug|Any CPU
		{ADA9B204-13D2-49B6-86A8-805C854215C3}.Release|Any CPU.ActiveCfg = Release|Any CPU
		{ADA9B204-13D2-49B6-86A8-805C854215C3}.Release|Any CPU.Build.0 = Release|Any CPU
		{ADA9B204-13D2-49B6-86A8-805C854215C3}.Release|x64.ActiveCfg = Release|Any CPU
		{ADA9B204-13D2-49B6-86A8-805C854215C3}.Release|x64.Build.0 = Release|Any CPU
		{ADA9B204-13D2-49B6-86A8-805C854215C3}.Release|x86.ActiveCfg = Release|Any CPU
		{ADA9B204-13D2-49B6-86A8-805C854215C3}.Release|x86.Build.0 = Release|Any CPU
		{ACBE56DD-3CA5-4370-9E92-84FE3FB192F8}.Debug|Any CPU.ActiveCfg = Debug|Any CPU
		{ACBE56DD-3CA5-4370-9E92-84FE3FB192F8}.Debug|Any CPU.Build.0 = Debug|Any CPU
		{ACBE56DD-3CA5-4370-9E92-84FE3FB192F8}.Debug|x64.ActiveCfg = Debug|Any CPU
		{ACBE56DD-3CA5-4370-9E92-84FE3FB192F8}.Debug|x64.Build.0 = Debug|Any CPU
		{ACBE56DD-3CA5-4370-9E92-84FE3FB192F8}.Debug|x86.ActiveCfg = Debug|Any CPU
		{ACBE56DD-3CA5-4370-9E92-84FE3FB192F8}.Debug|x86.Build.0 = Debug|Any CPU
		{ACBE56DD-3CA5-4370-9E92-84FE3FB192F8}.Release|Any CPU.ActiveCfg = Release|Any CPU
		{ACBE56DD-3CA5-4370-9E92-84FE3FB192F8}.Release|Any CPU.Build.0 = Release|Any CPU
		{ACBE56DD-3CA5-4370-9E92-84FE3FB192F8}.Release|x64.ActiveCfg = Release|Any CPU
		{ACBE56DD-3CA5-4370-9E92-84FE3FB192F8}.Release|x64.Build.0 = Release|Any CPU
		{ACBE56DD-3CA5-4370-9E92-84FE3FB192F8}.Release|x86.ActiveCfg = Release|Any CPU
		{ACBE56DD-3CA5-4370-9E92-84FE3FB192F8}.Release|x86.Build.0 = Release|Any CPU
		{8012BBAC-8893-4B15-A9DB-75FECD70CE42}.Debug|Any CPU.ActiveCfg = Debug|Any CPU
		{8012BBAC-8893-4B15-A9DB-75FECD70CE42}.Debug|Any CPU.Build.0 = Debug|Any CPU
		{8012BBAC-8893-4B15-A9DB-75FECD70CE42}.Debug|x64.ActiveCfg = Debug|Any CPU
		{8012BBAC-8893-4B15-A9DB-75FECD70CE42}.Debug|x64.Build.0 = Debug|Any CPU
		{8012BBAC-8893-4B15-A9DB-75FECD70CE42}.Debug|x86.ActiveCfg = Debug|Any CPU
		{8012BBAC-8893-4B15-A9DB-75FECD70CE42}.Debug|x86.Build.0 = Debug|Any CPU
		{8012BBAC-8893-4B15-A9DB-75FECD70CE42}.Release|Any CPU.ActiveCfg = Release|Any CPU
		{8012BBAC-8893-4B15-A9DB-75FECD70CE42}.Release|Any CPU.Build.0 = Release|Any CPU
		{8012BBAC-8893-4B15-A9DB-75FECD70CE42}.Release|x64.ActiveCfg = Release|Any CPU
		{8012BBAC-8893-4B15-A9DB-75FECD70CE42}.Release|x64.Build.0 = Release|Any CPU
		{8012BBAC-8893-4B15-A9DB-75FECD70CE42}.Release|x86.ActiveCfg = Release|Any CPU
		{8012BBAC-8893-4B15-A9DB-75FECD70CE42}.Release|x86.Build.0 = Release|Any CPU
		{3D68B40B-D255-439B-93D9-8347E2C7E47F}.Debug|Any CPU.ActiveCfg = Debug|Any CPU
		{3D68B40B-D255-439B-93D9-8347E2C7E47F}.Debug|Any CPU.Build.0 = Debug|Any CPU
		{3D68B40B-D255-439B-93D9-8347E2C7E47F}.Debug|x64.ActiveCfg = Debug|Any CPU
		{3D68B40B-D255-439B-93D9-8347E2C7E47F}.Debug|x64.Build.0 = Debug|Any CPU
		{3D68B40B-D255-439B-93D9-8347E2C7E47F}.Debug|x86.ActiveCfg = Debug|Any CPU
		{3D68B40B-D255-439B-93D9-8347E2C7E47F}.Debug|x86.Build.0 = Debug|Any CPU
		{3D68B40B-D255-439B-93D9-8347E2C7E47F}.Release|Any CPU.ActiveCfg = Release|Any CPU
		{3D68B40B-D255-439B-93D9-8347E2C7E47F}.Release|Any CPU.Build.0 = Release|Any CPU
		{3D68B40B-D255-439B-93D9-8347E2C7E47F}.Release|x64.ActiveCfg = Release|Any CPU
		{3D68B40B-D255-439B-93D9-8347E2C7E47F}.Release|x64.Build.0 = Release|Any CPU
		{3D68B40B-D255-439B-93D9-8347E2C7E47F}.Release|x86.ActiveCfg = Release|Any CPU
		{3D68B40B-D255-439B-93D9-8347E2C7E47F}.Release|x86.Build.0 = Release|Any CPU
		{559B9759-4FB9-4906-A33F-9C41CCD879AE}.Debug|Any CPU.ActiveCfg = Debug|Any CPU
		{559B9759-4FB9-4906-A33F-9C41CCD879AE}.Debug|Any CPU.Build.0 = Debug|Any CPU
		{559B9759-4FB9-4906-A33F-9C41CCD879AE}.Debug|x64.ActiveCfg = Debug|Any CPU
		{559B9759-4FB9-4906-A33F-9C41CCD879AE}.Debug|x64.Build.0 = Debug|Any CPU
		{559B9759-4FB9-4906-A33F-9C41CCD879AE}.Debug|x86.ActiveCfg = Debug|Any CPU
		{559B9759-4FB9-4906-A33F-9C41CCD879AE}.Debug|x86.Build.0 = Debug|Any CPU
		{559B9759-4FB9-4906-A33F-9C41CCD879AE}.Release|Any CPU.ActiveCfg = Release|Any CPU
		{559B9759-4FB9-4906-A33F-9C41CCD879AE}.Release|Any CPU.Build.0 = Release|Any CPU
		{559B9759-4FB9-4906-A33F-9C41CCD879AE}.Release|x64.ActiveCfg = Release|Any CPU
		{559B9759-4FB9-4906-A33F-9C41CCD879AE}.Release|x64.Build.0 = Release|Any CPU
		{559B9759-4FB9-4906-A33F-9C41CCD879AE}.Release|x86.ActiveCfg = Release|Any CPU
		{559B9759-4FB9-4906-A33F-9C41CCD879AE}.Release|x86.Build.0 = Release|Any CPU
		{6C41E6D3-1DBD-4572-AFC1-6C3A3838117B}.Debug|Any CPU.ActiveCfg = Debug|Any CPU
		{6C41E6D3-1DBD-4572-AFC1-6C3A3838117B}.Debug|Any CPU.Build.0 = Debug|Any CPU
		{6C41E6D3-1DBD-4572-AFC1-6C3A3838117B}.Debug|x64.ActiveCfg = Debug|Any CPU
		{6C41E6D3-1DBD-4572-AFC1-6C3A3838117B}.Debug|x64.Build.0 = Debug|Any CPU
		{6C41E6D3-1DBD-4572-AFC1-6C3A3838117B}.Debug|x86.ActiveCfg = Debug|Any CPU
		{6C41E6D3-1DBD-4572-AFC1-6C3A3838117B}.Debug|x86.Build.0 = Debug|Any CPU
		{6C41E6D3-1DBD-4572-AFC1-6C3A3838117B}.Release|Any CPU.ActiveCfg = Release|Any CPU
		{6C41E6D3-1DBD-4572-AFC1-6C3A3838117B}.Release|Any CPU.Build.0 = Release|Any CPU
		{6C41E6D3-1DBD-4572-AFC1-6C3A3838117B}.Release|x64.ActiveCfg = Release|Any CPU
		{6C41E6D3-1DBD-4572-AFC1-6C3A3838117B}.Release|x64.Build.0 = Release|Any CPU
		{6C41E6D3-1DBD-4572-AFC1-6C3A3838117B}.Release|x86.ActiveCfg = Release|Any CPU
		{6C41E6D3-1DBD-4572-AFC1-6C3A3838117B}.Release|x86.Build.0 = Release|Any CPU
	EndGlobalSection
	GlobalSection(SolutionProperties) = preSolution
		HideSolutionNode = FALSE
	EndGlobalSection
	GlobalSection(NestedProjects) = preSolution
		{3CCB9853-1FB1-48CE-A085-D445E01E66C8} = {827E0CD3-B72D-47B6-A68D-7590B98EB39B}
		{ADA9B204-13D2-49B6-86A8-805C854215C3} = {827E0CD3-B72D-47B6-A68D-7590B98EB39B}
		{ACBE56DD-3CA5-4370-9E92-84FE3FB192F8} = {827E0CD3-B72D-47B6-A68D-7590B98EB39B}
		{8012BBAC-8893-4B15-A9DB-75FECD70CE42} = {827E0CD3-B72D-47B6-A68D-7590B98EB39B}
		{3D68B40B-D255-439B-93D9-8347E2C7E47F} = {0AB3BF05-4346-4AA6-1389-037BE0695223}
		{559B9759-4FB9-4906-A33F-9C41CCD879AE} = {0AB3BF05-4346-4AA6-1389-037BE0695223}
		{6C41E6D3-1DBD-4572-AFC1-6C3A3838117B} = {0AB3BF05-4346-4AA6-1389-037BE0695223}
	EndGlobalSection
EndGlobal
